
Microsoft Visual Studio Solution File, Format Version 12.00
# Visual Studio 15
VisualStudioVersion = 15.0.27130.2027
MinimumVisualStudioVersion = 10.0.40219.1
Project("{FAE04EC0-301F-11D3-BF4B-00C04F79EFBC}") = "RoutingGit", "RoutingGit\RoutingGit.csproj", "{D407D228-9230-43BE-AC6F-5778AEA1DB1A}"
EndProject
Global
	GlobalSection(SolutionConfigurationPlatforms) = preSolution
		Debug|Any CPU = Debug|Any CPU
		Release|Any CPU = Release|Any CPU
	EndGlobalSection
	GlobalSection(ProjectConfigurationPlatforms) = postSolution
		{D407D228-9230-43BE-AC6F-5778AEA1DB1A}.Debug|Any CPU.ActiveCfg = Debug|Any CPU
		{D407D228-9230-43BE-AC6F-5778AEA1DB1A}.Debug|Any CPU.Build.0 = Debug|Any CPU
		{D407D228-9230-43BE-AC6F-5778AEA1DB1A}.Release|Any CPU.ActiveCfg = Release|Any CPU
		{D407D228-9230-43BE-AC6F-5778AEA1DB1A}.Release|Any CPU.Build.0 = Release|Any CPU
	EndGlobalSection
	GlobalSection(SolutionProperties) = preSolution
		HideSolutionNode = FALSE
	EndGlobalSection
	GlobalSection(ExtensibilityGlobals) = postSolution
		SolutionGuid = {60530D50-1B67-4A48-8826-BFADB328B947}
	EndGlobalSection
EndGlobal
